
Microsoft Visual Studio Solution File, Format Version 12.00
# Visual Studio Version 17
VisualStudioVersion = 17.12.35707.178
MinimumVisualStudioVersion = 10.0.40219.1
Project("{2150E333-8FDC-42A3-9474-1A3956D46DE8}") = "Services", "Services", "{BBE7EAFE-2E8C-4D08-B00D-7437438989B2}"
EndProject
Project("{2150E333-8FDC-42A3-9474-1A3956D46DE8}") = "Catalog", "Catalog", "{389FDC19-967D-4EF1-A500-B87F16037A0A}"
EndProject
Project("{FAE04EC0-301F-11D3-BF4B-00C04F79EFBC}") = "Catalog.API", "Services\Catalog\Catalog.API\Catalog.API.csproj", "{FB2F9030-C085-4573-872B-31C2BC69113B}"
EndProject
Project("{2150E333-8FDC-42A3-9474-1A3956D46DE8}") = "BuildingBlocks", "BuildingBlocks", "{C12CEAAA-4FCC-4B2D-BC9B-69485D3150C8}"
EndProject
Project("{FAE04EC0-301F-11D3-BF4B-00C04F79EFBC}") = "BuildingBlocks", "BuildingBlocks\BuildingBlocks\BuildingBlocks.csproj", "{C8971F27-8F63-4D48-97A9-7EBCB40F704E}"
EndProject
Project("{E53339B2-1760-4266-BCC7-CA923CBCF16C}") = "docker-compose", "docker-compose.dcproj", "{CA5C751A-3357-409D-BA75-3931AFB98778}"
EndProject
Project("{2150E333-8FDC-42A3-9474-1A3956D46DE8}") = "Basket", "Basket", "{1FFB187F-3DA0-4DD7-B4C5-DA228371D280}"
EndProject
Project("{FAE04EC0-301F-11D3-BF4B-00C04F79EFBC}") = "Basket.API", "Services\Basket\Basket.API\Basket.API.csproj", "{0312C73F-8CD6-4B8F-BF4A-C6535536A76E}"
EndProject
Project("{2150E333-8FDC-42A3-9474-1A3956D46DE8}") = "Discount", "Discount", "{AB5C1E62-C829-4537-B8EE-EF46BF9B0EC8}"
EndProject
Project("{FAE04EC0-301F-11D3-BF4B-00C04F79EFBC}") = "Discount.Grpc", "Services\Discount\Discount.Grpc\Discount.Grpc.csproj", "{D713B0F9-1CA0-4F13-A509-9636CE8E3643}"
EndProject
Project("{2150E333-8FDC-42A3-9474-1A3956D46DE8}") = "Ordering", "Ordering", "{BD6EBC17-BE97-4D4D-A239-82A7727C44A9}"
EndProject
Project("{FAE04EC0-301F-11D3-BF4B-00C04F79EFBC}") = "Ordering.API", "Services\Ordering\Ordering.API\Ordering.API.csproj", "{4D320FAF-6E74-4650-B889-59F1395209A1}"
EndProject
Project("{FAE04EC0-301F-11D3-BF4B-00C04F79EFBC}") = "Ordering.Domain", "Services\Ordering\Ordering.Domain\Ordering.Domain.csproj", "{C4DF48DC-D690-4EDE-B451-B6D53071CC87}"
EndProject
Project("{FAE04EC0-301F-11D3-BF4B-00C04F79EFBC}") = "Ordering.Application", "Services\Ordering\Ordering.Application\Ordering.Application.csproj", "{AACC208B-1E07-458C-AF51-5A214DF63181}"
EndProject
Project("{FAE04EC0-301F-11D3-BF4B-00C04F79EFBC}") = "Ordering.Infrastructure", "Services\Ordering\Ordering.Infrastructure\Ordering.Infrastructure.csproj", "{E7C6F27C-2289-4D1A-AB66-CCC5E1DD5691}"
EndProject
Project("{FAE04EC0-301F-11D3-BF4B-00C04F79EFBC}") = "BuildingBlocks.Messaging", "BuildingBlocks\BuildingBlocks.Messaging\BuildingBlocks.Messaging.csproj", "{36B96110-7299-429E-B930-C8AE30795705}"
EndProject
Project("{2150E333-8FDC-42A3-9474-1A3956D46DE8}") = "ApiGateways", "ApiGateways", "{9741EE8E-36DA-429D-A1EB-9B8185E02813}"
EndProject
Project("{FAE04EC0-301F-11D3-BF4B-00C04F79EFBC}") = "YarpApiGateway", "ApiGateways\YarpApiGateway\YarpApiGateway.csproj", "{7755345C-8E00-46C4-A34A-9270BDF898B5}"
EndProject
Project("{2150E333-8FDC-42A3-9474-1A3956D46DE8}") = "WebApps", "WebApps", "{8A7644BF-55B1-4BEC-AB2B-D1BD188ED995}"
EndProject
Project("{FAE04EC0-301F-11D3-BF4B-00C04F79EFBC}") = "Shopping.Web", "WebApps\Shopping.Web\Shopping.Web.csproj", "{0CB21ED2-7C3A-42F2-B725-1DEB4CB56631}"
EndProject
Global
	GlobalSection(SolutionConfigurationPlatforms) = preSolution
		Debug|Any CPU = Debug|Any CPU
		Release|Any CPU = Release|Any CPU
	EndGlobalSection
	GlobalSection(ProjectConfigurationPlatforms) = postSolution
		{FB2F9030-C085-4573-872B-31C2BC69113B}.Debug|Any CPU.ActiveCfg = Debug|Any CPU
		{FB2F9030-C085-4573-872B-31C2BC69113B}.Debug|Any CPU.Build.0 = Debug|Any CPU
		{FB2F9030-C085-4573-872B-31C2BC69113B}.Release|Any CPU.ActiveCfg = Release|Any CPU
		{FB2F9030-C085-4573-872B-31C2BC69113B}.Release|Any CPU.Build.0 = Release|Any CPU
		{C8971F27-8F63-4D48-97A9-7EBCB40F704E}.Debug|Any CPU.ActiveCfg = Debug|Any CPU
		{C8971F27-8F63-4D48-97A9-7EBCB40F704E}.Debug|Any CPU.Build.0 = Debug|Any CPU
		{C8971F27-8F63-4D48-97A9-7EBCB40F704E}.Release|Any CPU.ActiveCfg = Release|Any CPU
		{C8971F27-8F63-4D48-97A9-7EBCB40F704E}.Release|Any CPU.Build.0 = Release|Any CPU
		{CA5C751A-3357-409D-BA75-3931AFB98778}.Debug|Any CPU.ActiveCfg = Debug|Any CPU
		{CA5C751A-3357-409D-BA75-3931AFB98778}.Debug|Any CPU.Build.0 = Debug|Any CPU
		{CA5C751A-3357-409D-BA75-3931AFB98778}.Release|Any CPU.ActiveCfg = Release|Any CPU
		{CA5C751A-3357-409D-BA75-3931AFB98778}.Release|Any CPU.Build.0 = Release|Any CPU
		{0312C73F-8CD6-4B8F-BF4A-C6535536A76E}.Debug|Any CPU.ActiveCfg = Debug|Any CPU
		{0312C73F-8CD6-4B8F-BF4A-C6535536A76E}.Debug|Any CPU.Build.0 = Debug|Any CPU
		{0312C73F-8CD6-4B8F-BF4A-C6535536A76E}.Release|Any CPU.ActiveCfg = Release|Any CPU
		{0312C73F-8CD6-4B8F-BF4A-C6535536A76E}.Release|Any CPU.Build.0 = Release|Any CPU
		{D713B0F9-1CA0-4F13-A509-9636CE8E3643}.Debug|Any CPU.ActiveCfg = Debug|Any CPU
		{D713B0F9-1CA0-4F13-A509-9636CE8E3643}.Debug|Any CPU.Build.0 = Debug|Any CPU
		{D713B0F9-1CA0-4F13-A509-9636CE8E3643}.Release|Any CPU.ActiveCfg = Release|Any CPU
		{D713B0F9-1CA0-4F13-A509-9636CE8E3643}.Release|Any CPU.Build.0 = Release|Any CPU
		{4D320FAF-6E74-4650-B889-59F1395209A1}.Debug|Any CPU.ActiveCfg = Debug|Any CPU
		{4D320FAF-6E74-4650-B889-59F1395209A1}.Debug|Any CPU.Build.0 = Debug|Any CPU
		{4D320FAF-6E74-4650-B889-59F1395209A1}.Release|Any CPU.ActiveCfg = Release|Any CPU
		{4D320FAF-6E74-4650-B889-59F1395209A1}.Release|Any CPU.Build.0 = Release|Any CPU
		{C4DF48DC-D690-4EDE-B451-B6D53071CC87}.Debug|Any CPU.ActiveCfg = Debug|Any CPU
		{C4DF48DC-D690-4EDE-B451-B6D53071CC87}.Debug|Any CPU.Build.0 = Debug|Any CPU
		{C4DF48DC-D690-4EDE-B451-B6D53071CC87}.Release|Any CPU.ActiveCfg = Release|Any CPU
		{C4DF48DC-D690-4EDE-B451-B6D53071CC87}.Release|Any CPU.Build.0 = Release|Any CPU
		{AACC208B-1E07-458C-AF51-5A214DF63181}.Debug|Any CPU.ActiveCfg = Debug|Any CPU
		{AACC208B-1E07-458C-AF51-5A214DF63181}.Debug|Any CPU.Build.0 = Debug|Any CPU
		{AACC208B-1E07-458C-AF51-5A214DF63181}.Release|Any CPU.ActiveCfg = Release|Any CPU
		{AACC208B-1E07-458C-AF51-5A214DF63181}.Release|Any CPU.Build.0 = Release|Any CPU
		{E7C6F27C-2289-4D1A-AB66-CCC5E1DD5691}.Debug|Any CPU.ActiveCfg = Debug|Any CPU
		{E7C6F27C-2289-4D1A-AB66-CCC5E1DD5691}.Debug|Any CPU.Build.0 = Debug|Any CPU
		{E7C6F27C-2289-4D1A-AB66-CCC5E1DD5691}.Release|Any CPU.ActiveCfg = Release|Any CPU
		{E7C6F27C-2289-4D1A-AB66-CCC5E1DD5691}.Release|Any CPU.Build.0 = Release|Any CPU
		{36B96110-7299-429E-B930-C8AE30795705}.Debug|Any CPU.ActiveCfg = Debug|Any CPU
		{36B96110-7299-429E-B930-C8AE30795705}.Debug|Any CPU.Build.0 = Debug|Any CPU
		{36B96110-7299-429E-B930-C8AE30795705}.Release|Any CPU.ActiveCfg = Release|Any CPU
		{36B96110-7299-429E-B930-C8AE30795705}.Release|Any CPU.Build.0 = Release|Any CPU
		{7755345C-8E00-46C4-A34A-9270BDF898B5}.Debug|Any CPU.ActiveCfg = Debug|Any CPU
		{7755345C-8E00-46C4-A34A-9270BDF898B5}.Debug|Any CPU.Build.0 = Debug|Any CPU
		{7755345C-8E00-46C4-A34A-9270BDF898B5}.Release|Any CPU.ActiveCfg = Release|Any CPU
		{7755345C-8E00-46C4-A34A-9270BDF898B5}.Release|Any CPU.Build.0 = Release|Any CPU
		{0CB21ED2-7C3A-42F2-B725-1DEB4CB56631}.Debug|Any CPU.ActiveCfg = Debug|Any CPU
		{0CB21ED2-7C3A-42F2-B725-1DEB4CB56631}.Debug|Any CPU.Build.0 = Debug|Any CPU
		{0CB21ED2-7C3A-42F2-B725-1DEB4CB56631}.Release|Any CPU.ActiveCfg = Release|Any CPU
		{0CB21ED2-7C3A-42F2-B725-1DEB4CB56631}.Release|Any CPU.Build.0 = Release|Any CPU
	EndGlobalSection
	GlobalSection(SolutionProperties) = preSolution
		HideSolutionNode = FALSE
	EndGlobalSection
	GlobalSection(NestedProjects) = preSolution
		{389FDC19-967D-4EF1-A500-B87F16037A0A} = {BBE7EAFE-2E8C-4D08-B00D-7437438989B2}
		{FB2F9030-C085-4573-872B-31C2BC69113B} = {389FDC19-967D-4EF1-A500-B87F16037A0A}
		{C8971F27-8F63-4D48-97A9-7EBCB40F704E} = {C12CEAAA-4FCC-4B2D-BC9B-69485D3150C8}
		{1FFB187F-3DA0-4DD7-B4C5-DA228371D280} = {BBE7EAFE-2E8C-4D08-B00D-7437438989B2}
		{0312C73F-8CD6-4B8F-BF4A-C6535536A76E} = {1FFB187F-3DA0-4DD7-B4C5-DA228371D280}
		{AB5C1E62-C829-4537-B8EE-EF46BF9B0EC8} = {BBE7EAFE-2E8C-4D08-B00D-7437438989B2}
		{D713B0F9-1CA0-4F13-A509-9636CE8E3643} = {AB5C1E62-C829-4537-B8EE-EF46BF9B0EC8}
		{BD6EBC17-BE97-4D4D-A239-82A7727C44A9} = {BBE7EAFE-2E8C-4D08-B00D-7437438989B2}
		{4D320FAF-6E74-4650-B889-59F1395209A1} = {BD6EBC17-BE97-4D4D-A239-82A7727C44A9}
		{C4DF48DC-D690-4EDE-B451-B6D53071CC87} = {BD6EBC17-BE97-4D4D-A239-82A7727C44A9}
		{AACC208B-1E07-458C-AF51-5A214DF63181} = {BD6EBC17-BE97-4D4D-A239-82A7727C44A9}
		{E7C6F27C-2289-4D1A-AB66-CCC5E1DD5691} = {BD6EBC17-BE97-4D4D-A239-82A7727C44A9}
		{36B96110-7299-429E-B930-C8AE30795705} = {C12CEAAA-4FCC-4B2D-BC9B-69485D3150C8}
		{7755345C-8E00-46C4-A34A-9270BDF898B5} = {9741EE8E-36DA-429D-A1EB-9B8185E02813}
		{0CB21ED2-7C3A-42F2-B725-1DEB4CB56631} = {8A7644BF-55B1-4BEC-AB2B-D1BD188ED995}
	EndGlobalSection
EndGlobal
